
Microsoft Visual Studio Solution File, Format Version 12.00
# Visual Studio Version 17
VisualStudioVersion = 17.5.33530.505
MinimumVisualStudioVersion = 10.0.40219.1
Project("{FAE04EC0-301F-11D3-BF4B-00C04F79EFBC}") = "Project1", "Project1\Project1.csproj", "{CCE76153-1A56-4F05-872E-E92BE9860449}"
EndProject
Global
	GlobalSection(SolutionConfigurationPlatforms) = preSolution
		Debug|Any CPU = Debug|Any CPU
		Release|Any CPU = Release|Any CPU
	EndGlobalSection
	GlobalSection(ProjectConfigurationPlatforms) = postSolution
		{CCE76153-1A56-4F05-872E-E92BE9860449}.Debug|Any CPU.ActiveCfg = Debug|Any CPU
		{CCE76153-1A56-4F05-872E-E92BE9860449}.Debug|Any CPU.Build.0 = Debug|Any CPU
		{CCE76153-1A56-4F05-872E-E92BE9860449}.Release|Any CPU.ActiveCfg = Release|Any CPU
		{CCE76153-1A56-4F05-872E-E92BE9860449}.Release|Any CPU.Build.0 = Release|Any CPU
	EndGlobalSection
	GlobalSection(SolutionProperties) = preSolution
		HideSolutionNode = FALSE
	EndGlobalSection
	GlobalSection(ExtensibilityGlobals) = postSolution
		SolutionGuid = {35116802-1A1E-4573-A7EB-CBE5E829FE2C}
	EndGlobalSection
EndGlobal
